
Microsoft Visual Studio Solution File, Format Version 12.00
# Visual Studio Version 16
VisualStudioVersion = 16.0.31205.134
MinimumVisualStudioVersion = 10.0.40219.1
Project("{8BC9CEB8-8B4A-11D0-8D11-00A0C91BC942}") = "덱", "덱\덱.vcxproj", "{633D4C70-0089-4905-A38A-C3514937A611}"
EndProject
Global
	GlobalSection(SolutionConfigurationPlatforms) = preSolution
		Debug|x64 = Debug|x64
		Debug|x86 = Debug|x86
		Release|x64 = Release|x64
		Release|x86 = Release|x86
	EndGlobalSection
	GlobalSection(ProjectConfigurationPlatforms) = postSolution
		{633D4C70-0089-4905-A38A-C3514937A611}.Debug|x64.ActiveCfg = Debug|x64
		{633D4C70-0089-4905-A38A-C3514937A611}.Debug|x64.Build.0 = Debug|x64
		{633D4C70-0089-4905-A38A-C3514937A611}.Debug|x86.ActiveCfg = Debug|Win32
		{633D4C70-0089-4905-A38A-C3514937A611}.Debug|x86.Build.0 = Debug|Win32
		{633D4C70-0089-4905-A38A-C3514937A611}.Release|x64.ActiveCfg = Release|x64
		{633D4C70-0089-4905-A38A-C3514937A611}.Release|x64.Build.0 = Release|x64
		{633D4C70-0089-4905-A38A-C3514937A611}.Release|x86.ActiveCfg = Release|Win32
		{633D4C70-0089-4905-A38A-C3514937A611}.Release|x86.Build.0 = Release|Win32
	EndGlobalSection
	GlobalSection(SolutionProperties) = preSolution
		HideSolutionNode = FALSE
	EndGlobalSection
	GlobalSection(ExtensibilityGlobals) = postSolution
		SolutionGuid = {0F1E7334-1246-430F-BFED-F761B559BEE9}
	EndGlobalSection
EndGlobal
