
Microsoft Visual Studio Solution File, Format Version 12.00
# Visual Studio Version 16
VisualStudioVersion = 16.0.31205.134
MinimumVisualStudioVersion = 10.0.40219.1
Project("{8BC9CEB8-8B4A-11D0-8D11-00A0C91BC942}") = "14499 (주사위 굴리기)", "14499 (주사위 굴리기)\14499 (주사위 굴리기).vcxproj", "{3867EB01-D38E-4764-8293-C11B9BF40A9A}"
EndProject
Global
	GlobalSection(SolutionConfigurationPlatforms) = preSolution
		Debug|x64 = Debug|x64
		Debug|x86 = Debug|x86
		Release|x64 = Release|x64
		Release|x86 = Release|x86
	EndGlobalSection
	GlobalSection(ProjectConfigurationPlatforms) = postSolution
		{3867EB01-D38E-4764-8293-C11B9BF40A9A}.Debug|x64.ActiveCfg = Debug|x64
		{3867EB01-D38E-4764-8293-C11B9BF40A9A}.Debug|x64.Build.0 = Debug|x64
		{3867EB01-D38E-4764-8293-C11B9BF40A9A}.Debug|x86.ActiveCfg = Debug|Win32
		{3867EB01-D38E-4764-8293-C11B9BF40A9A}.Debug|x86.Build.0 = Debug|Win32
		{3867EB01-D38E-4764-8293-C11B9BF40A9A}.Release|x64.ActiveCfg = Release|x64
		{3867EB01-D38E-4764-8293-C11B9BF40A9A}.Release|x64.Build.0 = Release|x64
		{3867EB01-D38E-4764-8293-C11B9BF40A9A}.Release|x86.ActiveCfg = Release|Win32
		{3867EB01-D38E-4764-8293-C11B9BF40A9A}.Release|x86.Build.0 = Release|Win32
	EndGlobalSection
	GlobalSection(SolutionProperties) = preSolution
		HideSolutionNode = FALSE
	EndGlobalSection
	GlobalSection(ExtensibilityGlobals) = postSolution
		SolutionGuid = {1A207F8B-D70C-463B-B185-60B72A83DCF6}
	EndGlobalSection
EndGlobal
