
Microsoft Visual Studio Solution File, Format Version 12.00
# Visual Studio Version 16
VisualStudioVersion = 16.0.31205.134
MinimumVisualStudioVersion = 10.0.40219.1
Project("{8BC9CEB8-8B4A-11D0-8D11-00A0C91BC942}") = "15650 (N과 M (2))", "15650 (N과 M (2))\15650 (N과 M (2)).vcxproj", "{7BA45CA9-6B76-42D6-ABE9-D43BB3375934}"
EndProject
Global
	GlobalSection(SolutionConfigurationPlatforms) = preSolution
		Debug|x64 = Debug|x64
		Debug|x86 = Debug|x86
		Release|x64 = Release|x64
		Release|x86 = Release|x86
	EndGlobalSection
	GlobalSection(ProjectConfigurationPlatforms) = postSolution
		{7BA45CA9-6B76-42D6-ABE9-D43BB3375934}.Debug|x64.ActiveCfg = Debug|x64
		{7BA45CA9-6B76-42D6-ABE9-D43BB3375934}.Debug|x64.Build.0 = Debug|x64
		{7BA45CA9-6B76-42D6-ABE9-D43BB3375934}.Debug|x86.ActiveCfg = Debug|Win32
		{7BA45CA9-6B76-42D6-ABE9-D43BB3375934}.Debug|x86.Build.0 = Debug|Win32
		{7BA45CA9-6B76-42D6-ABE9-D43BB3375934}.Release|x64.ActiveCfg = Release|x64
		{7BA45CA9-6B76-42D6-ABE9-D43BB3375934}.Release|x64.Build.0 = Release|x64
		{7BA45CA9-6B76-42D6-ABE9-D43BB3375934}.Release|x86.ActiveCfg = Release|Win32
		{7BA45CA9-6B76-42D6-ABE9-D43BB3375934}.Release|x86.Build.0 = Release|Win32
	EndGlobalSection
	GlobalSection(SolutionProperties) = preSolution
		HideSolutionNode = FALSE
	EndGlobalSection
	GlobalSection(ExtensibilityGlobals) = postSolution
		SolutionGuid = {F8B4AAD3-AAC7-43F9-99DF-ABF3E7C3496F}
	EndGlobalSection
EndGlobal
